
Microsoft Visual Studio Solution File, Format Version 12.00
# Visual Studio 2013
Project("{FAE04EC0-301F-11D3-BF4B-00C04F79EFBC}") = "ObjectSnap.CSharp.Plugins", "ObjectSnap.CSharp.Plugins.csproj", "{618AE4A9-BEC9-C3BB-FF76-C355A3D31EAC}"
EndProject
Project("{FAE04EC0-301F-11D3-BF4B-00C04F79EFBC}") = "ObjectSnap.CSharp", "ObjectSnap.CSharp.csproj", "{076BC72C-F0C7-C003-FE97-E6BB21BD5389}"
EndProject
Global
	GlobalSection(SolutionConfigurationPlatforms) = preSolution
		Debug|Any CPU = Debug|Any CPU
		Release|Any CPU = Release|Any CPU
	EndGlobalSection
	GlobalSection(ProjectConfigurationPlatforms) = postSolution
		{618AE4A9-BEC9-C3BB-FF76-C355A3D31EAC}.Debug|Any CPU.ActiveCfg = Debug|Any CPU
		{618AE4A9-BEC9-C3BB-FF76-C355A3D31EAC}.Debug|Any CPU.Build.0 = Debug|Any CPU
		{618AE4A9-BEC9-C3BB-FF76-C355A3D31EAC}.Release|Any CPU.ActiveCfg = Release|Any CPU
		{618AE4A9-BEC9-C3BB-FF76-C355A3D31EAC}.Release|Any CPU.Build.0 = Release|Any CPU
		{076BC72C-F0C7-C003-FE97-E6BB21BD5389}.Debug|Any CPU.ActiveCfg = Debug|Any CPU
		{076BC72C-F0C7-C003-FE97-E6BB21BD5389}.Debug|Any CPU.Build.0 = Debug|Any CPU
		{076BC72C-F0C7-C003-FE97-E6BB21BD5389}.Release|Any CPU.ActiveCfg = Release|Any CPU
		{076BC72C-F0C7-C003-FE97-E6BB21BD5389}.Release|Any CPU.Build.0 = Release|Any CPU
	EndGlobalSection
	GlobalSection(SolutionProperties) = preSolution
		HideSolutionNode = FALSE
	EndGlobalSection
EndGlobal
