
Microsoft Visual Studio Solution File, Format Version 12.00
# Visual Studio 2013
Project("{FAE04EC0-301F-11D3-BF4B-00C04F79EFBC}") = "ObjectSnapping.CSharp.Plugins", "ObjectSnapping.CSharp.Plugins.csproj", "{288DB8D3-E537-9CBE-FA13-6767826D7BC4}"
EndProject
Project("{FAE04EC0-301F-11D3-BF4B-00C04F79EFBC}") = "ObjectSnapping.CSharp", "ObjectSnapping.CSharp.csproj", "{38B9714A-DD04-6E36-612A-2E6680C84FAD}"
EndProject
Global
	GlobalSection(SolutionConfigurationPlatforms) = preSolution
		Debug|Any CPU = Debug|Any CPU
		Release|Any CPU = Release|Any CPU
	EndGlobalSection
	GlobalSection(ProjectConfigurationPlatforms) = postSolution
		{288DB8D3-E537-9CBE-FA13-6767826D7BC4}.Debug|Any CPU.ActiveCfg = Debug|Any CPU
		{288DB8D3-E537-9CBE-FA13-6767826D7BC4}.Debug|Any CPU.Build.0 = Debug|Any CPU
		{288DB8D3-E537-9CBE-FA13-6767826D7BC4}.Release|Any CPU.ActiveCfg = Release|Any CPU
		{288DB8D3-E537-9CBE-FA13-6767826D7BC4}.Release|Any CPU.Build.0 = Release|Any CPU
		{38B9714A-DD04-6E36-612A-2E6680C84FAD}.Debug|Any CPU.ActiveCfg = Debug|Any CPU
		{38B9714A-DD04-6E36-612A-2E6680C84FAD}.Debug|Any CPU.Build.0 = Debug|Any CPU
		{38B9714A-DD04-6E36-612A-2E6680C84FAD}.Release|Any CPU.ActiveCfg = Release|Any CPU
		{38B9714A-DD04-6E36-612A-2E6680C84FAD}.Release|Any CPU.Build.0 = Release|Any CPU
	EndGlobalSection
	GlobalSection(SolutionProperties) = preSolution
		HideSolutionNode = FALSE
	EndGlobalSection
EndGlobal
